
Microsoft Visual Studio Solution File, Format Version 12.00
# Visual Studio Version 17
VisualStudioVersion = 17.1.32210.238
MinimumVisualStudioVersion = 10.0.40219.1
Project("{8BC9CEB8-8B4A-11D0-8D11-00A0C91BC942}") = "MikuMikuFormats", "src\MikuMikuFormats\MikuMikuFormats.vcxproj", "{400EFB97-295E-3EF4-85A6-4DE3A8F5F35B}"
EndProject
Project("{8BC9CEB8-8B4A-11D0-8D11-00A0C91BC942}") = "d3d9", "src\d3d9.vcxproj", "{33292F28-57CD-3918-88FD-7BAED7E9B9FD}"
	ProjectSection(ProjectDependencies) = postProject
		{400EFB97-295E-3EF4-85A6-4DE3A8F5F35B} = {400EFB97-295E-3EF4-85A6-4DE3A8F5F35B}
		{91B9D22D-A59D-3512-9AA3-3F12BDFA635E} = {91B9D22D-A59D-3512-9AA3-3F12BDFA635E}
	EndProjectSection
EndProject
Project("{8BC9CEB8-8B4A-11D0-8D11-00A0C91BC942}") = "d3dx9_43", "src\d3dx9_32\d3dx9_43.vcxproj", "{91B9D22D-A59D-3512-9AA3-3F12BDFA635E}"
EndProject
Global
	GlobalSection(SolutionConfigurationPlatforms) = preSolution
		Debug|x64 = Debug|x64
		MinSizeRel|x64 = MinSizeRel|x64
		Release|x64 = Release|x64
		RelWithDebInfo|x64 = RelWithDebInfo|x64
	EndGlobalSection
	GlobalSection(ProjectConfigurationPlatforms) = postSolution
		{400EFB97-295E-3EF4-85A6-4DE3A8F5F35B}.Debug|x64.ActiveCfg = Debug|x64
		{400EFB97-295E-3EF4-85A6-4DE3A8F5F35B}.Debug|x64.Build.0 = Debug|x64
		{400EFB97-295E-3EF4-85A6-4DE3A8F5F35B}.MinSizeRel|x64.ActiveCfg = MinSizeRel|x64
		{400EFB97-295E-3EF4-85A6-4DE3A8F5F35B}.MinSizeRel|x64.Build.0 = MinSizeRel|x64
		{400EFB97-295E-3EF4-85A6-4DE3A8F5F35B}.Release|x64.ActiveCfg = Release|x64
		{400EFB97-295E-3EF4-85A6-4DE3A8F5F35B}.Release|x64.Build.0 = Release|x64
		{400EFB97-295E-3EF4-85A6-4DE3A8F5F35B}.RelWithDebInfo|x64.ActiveCfg = RelWithDebInfo|x64
		{400EFB97-295E-3EF4-85A6-4DE3A8F5F35B}.RelWithDebInfo|x64.Build.0 = RelWithDebInfo|x64
		{33292F28-57CD-3918-88FD-7BAED7E9B9FD}.Debug|x64.ActiveCfg = Debug|x64
		{33292F28-57CD-3918-88FD-7BAED7E9B9FD}.Debug|x64.Build.0 = Debug|x64
		{33292F28-57CD-3918-88FD-7BAED7E9B9FD}.MinSizeRel|x64.ActiveCfg = MinSizeRel|x64
		{33292F28-57CD-3918-88FD-7BAED7E9B9FD}.MinSizeRel|x64.Build.0 = MinSizeRel|x64
		{33292F28-57CD-3918-88FD-7BAED7E9B9FD}.Release|x64.ActiveCfg = Release|x64
		{33292F28-57CD-3918-88FD-7BAED7E9B9FD}.Release|x64.Build.0 = Release|x64
		{33292F28-57CD-3918-88FD-7BAED7E9B9FD}.RelWithDebInfo|x64.ActiveCfg = RelWithDebInfo|x64
		{33292F28-57CD-3918-88FD-7BAED7E9B9FD}.RelWithDebInfo|x64.Build.0 = RelWithDebInfo|x64
		{91B9D22D-A59D-3512-9AA3-3F12BDFA635E}.Debug|x64.ActiveCfg = Debug|x64
		{91B9D22D-A59D-3512-9AA3-3F12BDFA635E}.Debug|x64.Build.0 = Debug|x64
		{91B9D22D-A59D-3512-9AA3-3F12BDFA635E}.MinSizeRel|x64.ActiveCfg = MinSizeRel|x64
		{91B9D22D-A59D-3512-9AA3-3F12BDFA635E}.MinSizeRel|x64.Build.0 = MinSizeRel|x64
		{91B9D22D-A59D-3512-9AA3-3F12BDFA635E}.Release|x64.ActiveCfg = Release|x64
		{91B9D22D-A59D-3512-9AA3-3F12BDFA635E}.Release|x64.Build.0 = Release|x64
		{91B9D22D-A59D-3512-9AA3-3F12BDFA635E}.RelWithDebInfo|x64.ActiveCfg = RelWithDebInfo|x64
		{91B9D22D-A59D-3512-9AA3-3F12BDFA635E}.RelWithDebInfo|x64.Build.0 = RelWithDebInfo|x64
	EndGlobalSection
	GlobalSection(SolutionProperties) = preSolution
		HideSolutionNode = FALSE
	EndGlobalSection
	GlobalSection(ExtensibilityGlobals) = postSolution
		SolutionGuid = {12CE6EF8-090E-3806-A0E3-D07E7C1FE89B}
	EndGlobalSection
EndGlobal
