<?xml version="1.0" encoding="utf-8"?>
<Project ToolsVersion="17.0" xmlns="http://schemas.microsoft.com/developer/msbuild/2003">
  <ItemGroup>
    <ClCompile Include="D:\mmdbridge\src\d3d9\alembic.cpp">
      <Filter>Source Files</Filter>
    </ClCompile>
    <ClCompile Include="D:\mmdbridge\src\d3d9\bridge_parameter.cpp">
      <Filter>Source Files</Filter>
    </ClCompile>
    <ClCompile Include="D:\mmdbridge\src\d3d9\d3d9.cpp">
      <Filter>Source Files</Filter>
    </ClCompile>
    <ClCompile Include="D:\mmdbridge\src\d3d9\pmx.cpp">
      <Filter>Source Files</Filter>
    </ClCompile>
    <ClCompile Include="D:\mmdbridge\src\d3d9\vmd.cpp">
      <Filter>Source Files</Filter>
    </ClCompile>
    <ClCompile Include="D:\mmdbridge\src\umbase\UMBox.cpp">
      <Filter>Source Files</Filter>
    </ClCompile>
    <ClCompile Include="D:\mmdbridge\src\umbase\UMEvent.cpp">
      <Filter>Source Files</Filter>
    </ClCompile>
    <ClCompile Include="D:\mmdbridge\src\umbase\UMPath.cpp">
      <Filter>Source Files</Filter>
    </ClCompile>
    <ClCompile Include="D:\mmdbridge\src\umbase\UMTime.cpp">
      <Filter>Source Files</Filter>
    </ClCompile>
  </ItemGroup>
  <ItemGroup>
    <ClInclude Include="D:\mmdbridge\src\d3d9\alembic.h">
      <Filter>Header Files</Filter>
    </ClInclude>
    <ClInclude Include="D:\mmdbridge\src\d3d9\bridge_parameter.h">
      <Filter>Header Files</Filter>
    </ClInclude>
    <ClInclude Include="D:\mmdbridge\src\d3d9\d3d9.h">
      <Filter>Header Files</Filter>
    </ClInclude>
    <ClInclude Include="D:\mmdbridge\src\d3d9\pmx.h">
      <Filter>Header Files</Filter>
    </ClInclude>
    <ClInclude Include="D:\mmdbridge\src\d3d9\resource.h">
      <Filter>Header Files</Filter>
    </ClInclude>
    <ClInclude Include="D:\mmdbridge\src\d3d9\vmd.h">
      <Filter>Header Files</Filter>
    </ClInclude>
    <ClInclude Include="D:\mmdbridge\src\umbase\UMAny.h">
      <Filter>Header Files</Filter>
    </ClInclude>
    <ClInclude Include="D:\mmdbridge\src\umbase\UMBox.h">
      <Filter>Header Files</Filter>
    </ClInclude>
    <ClInclude Include="D:\mmdbridge\src\umbase\UMEvent.h">
      <Filter>Header Files</Filter>
    </ClInclude>
    <ClInclude Include="D:\mmdbridge\src\umbase\UMEventType.h">
      <Filter>Header Files</Filter>
    </ClInclude>
    <ClInclude Include="D:\mmdbridge\src\umbase\UMListener.h">
      <Filter>Header Files</Filter>
    </ClInclude>
    <ClInclude Include="D:\mmdbridge\src\umbase\UMListenerConnector.h">
      <Filter>Header Files</Filter>
    </ClInclude>
    <ClInclude Include="D:\mmdbridge\src\umbase\UMMacro.h">
      <Filter>Header Files</Filter>
    </ClInclude>
    <ClInclude Include="D:\mmdbridge\src\umbase\UMMath.h">
      <Filter>Header Files</Filter>
    </ClInclude>
    <ClInclude Include="D:\mmdbridge\src\umbase\UMMathTypes.h">
      <Filter>Header Files</Filter>
    </ClInclude>
    <ClInclude Include="D:\mmdbridge\src\umbase\UMMatrix.h">
      <Filter>Header Files</Filter>
    </ClInclude>
    <ClInclude Include="D:\mmdbridge\src\umbase\UMPath.h">
      <Filter>Header Files</Filter>
    </ClInclude>
    <ClInclude Include="D:\mmdbridge\src\umbase\UMStringUtil.h">
      <Filter>Header Files</Filter>
    </ClInclude>
    <ClInclude Include="D:\mmdbridge\src\umbase\UMTime.h">
      <Filter>Header Files</Filter>
    </ClInclude>
    <ClInclude Include="D:\mmdbridge\src\umbase\UMVector.h">
      <Filter>Header Files</Filter>
    </ClInclude>
  </ItemGroup>
  <ItemGroup>
    <CustomBuild Include="D:\mmdbridge\src\CMakeLists.txt" />
  </ItemGroup>
  <ItemGroup>
    <None Include="D:\mmdbridge\src\d3d9\hook.def">
      <Filter>Source Files</Filter>
    </None>
  </ItemGroup>
  <ItemGroup>
    <ResourceCompile Include="D:\mmdbridge\src\d3d9\d3d9.rc">
      <Filter>Source Files</Filter>
    </ResourceCompile>
  </ItemGroup>
  <ItemGroup>
    <Filter Include="Header Files">
      <UniqueIdentifier>{7B35C4E9-E1FE-3960-92B2-33FC8C4F949D}</UniqueIdentifier>
    </Filter>
    <Filter Include="Source Files">
      <UniqueIdentifier>{A3DE59EA-C733-343C-8518-6ED8EE8E4E0D}</UniqueIdentifier>
    </Filter>
  </ItemGroup>
</Project>
